
Microsoft Visual Studio Solution File, Format Version 12.00
# Visual Studio 14
VisualStudioVersion = 14.0.25420.1
MinimumVisualStudioVersion = 10.0.40219.1
Project("{8BC9CEB8-8B4A-11D0-8D11-00A0C91BC942}") = "string", "string\string.vcxproj", "{40A69C3F-C19B-4ACC-A0D9-F7B6DE82D20F}"
EndProject
Project("{8BC9CEB8-8B4A-11D0-8D11-00A0C91BC942}") = "14rotation", "..\14rotation\14rotation.vcxproj", "{888FD1BF-637B-4640-A205-CE4B36023FF4}"
EndProject
Project("{8BC9CEB8-8B4A-11D0-8D11-00A0C91BC942}") = "13expand", "..\13expand\13expand.vcxproj", "{2346C536-8812-42A0-A197-C2383CE50691}"
EndProject
Project("{8BC9CEB8-8B4A-11D0-8D11-00A0C91BC942}") = "12delete", "..\12delete\12delete.vcxproj", "{40B92DEF-0D80-4D0D-9F52-22127930CCE7}"
EndProject
Project("{8BC9CEB8-8B4A-11D0-8D11-00A0C91BC942}") = "11strtok", "..\11strtok\11strtok.vcxproj", "{56A68563-4134-4A6B-BCBF-914254AA419D}"
EndProject
Project("{8BC9CEB8-8B4A-11D0-8D11-00A0C91BC942}") = "10delete", "..\10delete\10delete.vcxproj", "{D8505FDB-AB7C-40EB-836E-E694C6275CAA}"
EndProject
Project("{8BC9CEB8-8B4A-11D0-8D11-00A0C91BC942}") = "9match", "..\9match\9match.vcxproj", "{F66C3733-2981-4609-BFBC-85AF59EA2CF3}"
EndProject
Project("{8BC9CEB8-8B4A-11D0-8D11-00A0C91BC942}") = "7sort", "..\7sort\7sort.vcxproj", "{A25AA42F-A212-43F6-972F-04525691FE9E}"
EndProject
Project("{8BC9CEB8-8B4A-11D0-8D11-00A0C91BC942}") = "6recursive", "..\6recursive\6recursive.vcxproj", "{0191B3C7-8E58-43DA-8C86-405236149D7F}"
EndProject
Project("{8BC9CEB8-8B4A-11D0-8D11-00A0C91BC942}") = "5lowtoup", "..\5lowtoup\5lowtoup.vcxproj", "{51975BC0-2F89-46EB-AD64-AE9518D5965C}"
EndProject
Project("{8BC9CEB8-8B4A-11D0-8D11-00A0C91BC942}") = "4replace", "..\4replace\4replace.vcxproj", "{7D249820-EAFA-43CB-BE0A-D9DB07920883}"
EndProject
Project("{8BC9CEB8-8B4A-11D0-8D11-00A0C91BC942}") = "3e count", "..\3e count\3e count.vcxproj", "{0492A1C2-8C2E-4C9D-B376-E9A76CBDADED}"
EndProject
Project("{8BC9CEB8-8B4A-11D0-8D11-00A0C91BC942}") = "2color", "..\2color\2color.vcxproj", "{DD7ED207-037E-49FA-96EB-6F08021FF4CA}"
EndProject
Project("{8BC9CEB8-8B4A-11D0-8D11-00A0C91BC942}") = "1table", "..\1table\1table.vcxproj", "{2434CD4C-5DCB-4054-871B-D5A9F73DE607}"
EndProject
Global
	GlobalSection(SolutionConfigurationPlatforms) = preSolution
		Debug|x64 = Debug|x64
		Debug|x86 = Debug|x86
		Release|x64 = Release|x64
		Release|x86 = Release|x86
	EndGlobalSection
	GlobalSection(ProjectConfigurationPlatforms) = postSolution
		{40A69C3F-C19B-4ACC-A0D9-F7B6DE82D20F}.Debug|x64.ActiveCfg = Debug|x64
		{40A69C3F-C19B-4ACC-A0D9-F7B6DE82D20F}.Debug|x64.Build.0 = Debug|x64
		{40A69C3F-C19B-4ACC-A0D9-F7B6DE82D20F}.Debug|x86.ActiveCfg = Debug|Win32
		{40A69C3F-C19B-4ACC-A0D9-F7B6DE82D20F}.Debug|x86.Build.0 = Debug|Win32
		{40A69C3F-C19B-4ACC-A0D9-F7B6DE82D20F}.Release|x64.ActiveCfg = Release|x64
		{40A69C3F-C19B-4ACC-A0D9-F7B6DE82D20F}.Release|x64.Build.0 = Release|x64
		{40A69C3F-C19B-4ACC-A0D9-F7B6DE82D20F}.Release|x86.ActiveCfg = Release|Win32
		{40A69C3F-C19B-4ACC-A0D9-F7B6DE82D20F}.Release|x86.Build.0 = Release|Win32
		{888FD1BF-637B-4640-A205-CE4B36023FF4}.Debug|x64.ActiveCfg = Debug|x64
		{888FD1BF-637B-4640-A205-CE4B36023FF4}.Debug|x64.Build.0 = Debug|x64
		{888FD1BF-637B-4640-A205-CE4B36023FF4}.Debug|x86.ActiveCfg = Debug|Win32
		{888FD1BF-637B-4640-A205-CE4B36023FF4}.Debug|x86.Build.0 = Debug|Win32
		{888FD1BF-637B-4640-A205-CE4B36023FF4}.Release|x64.ActiveCfg = Release|x64
		{888FD1BF-637B-4640-A205-CE4B36023FF4}.Release|x64.Build.0 = Release|x64
		{888FD1BF-637B-4640-A205-CE4B36023FF4}.Release|x86.ActiveCfg = Release|Win32
		{888FD1BF-637B-4640-A205-CE4B36023FF4}.Release|x86.Build.0 = Release|Win32
		{2346C536-8812-42A0-A197-C2383CE50691}.Debug|x64.ActiveCfg = Debug|x64
		{2346C536-8812-42A0-A197-C2383CE50691}.Debug|x64.Build.0 = Debug|x64
		{2346C536-8812-42A0-A197-C2383CE50691}.Debug|x86.ActiveCfg = Debug|Win32
		{2346C536-8812-42A0-A197-C2383CE50691}.Debug|x86.Build.0 = Debug|Win32
		{2346C536-8812-42A0-A197-C2383CE50691}.Release|x64.ActiveCfg = Release|x64
		{2346C536-8812-42A0-A197-C2383CE50691}.Release|x64.Build.0 = Release|x64
		{2346C536-8812-42A0-A197-C2383CE50691}.Release|x86.ActiveCfg = Release|Win32
		{2346C536-8812-42A0-A197-C2383CE50691}.Release|x86.Build.0 = Release|Win32
		{40B92DEF-0D80-4D0D-9F52-22127930CCE7}.Debug|x64.ActiveCfg = Debug|x64
		{40B92DEF-0D80-4D0D-9F52-22127930CCE7}.Debug|x64.Build.0 = Debug|x64
		{40B92DEF-0D80-4D0D-9F52-22127930CCE7}.Debug|x86.ActiveCfg = Debug|Win32
		{40B92DEF-0D80-4D0D-9F52-22127930CCE7}.Debug|x86.Build.0 = Debug|Win32
		{40B92DEF-0D80-4D0D-9F52-22127930CCE7}.Release|x64.ActiveCfg = Release|x64
		{40B92DEF-0D80-4D0D-9F52-22127930CCE7}.Release|x64.Build.0 = Release|x64
		{40B92DEF-0D80-4D0D-9F52-22127930CCE7}.Release|x86.ActiveCfg = Release|Win32
		{40B92DEF-0D80-4D0D-9F52-22127930CCE7}.Release|x86.Build.0 = Release|Win32
		{56A68563-4134-4A6B-BCBF-914254AA419D}.Debug|x64.ActiveCfg = Debug|x64
		{56A68563-4134-4A6B-BCBF-914254AA419D}.Debug|x64.Build.0 = Debug|x64
		{56A68563-4134-4A6B-BCBF-914254AA419D}.Debug|x86.ActiveCfg = Debug|Win32
		{56A68563-4134-4A6B-BCBF-914254AA419D}.Debug|x86.Build.0 = Debug|Win32
		{56A68563-4134-4A6B-BCBF-914254AA419D}.Release|x64.ActiveCfg = Release|x64
		{56A68563-4134-4A6B-BCBF-914254AA419D}.Release|x64.Build.0 = Release|x64
		{56A68563-4134-4A6B-BCBF-914254AA419D}.Release|x86.ActiveCfg = Release|Win32
		{56A68563-4134-4A6B-BCBF-914254AA419D}.Release|x86.Build.0 = Release|Win32
		{D8505FDB-AB7C-40EB-836E-E694C6275CAA}.Debug|x64.ActiveCfg = Debug|x64
		{D8505FDB-AB7C-40EB-836E-E694C6275CAA}.Debug|x64.Build.0 = Debug|x64
		{D8505FDB-AB7C-40EB-836E-E694C6275CAA}.Debug|x86.ActiveCfg = Debug|Win32
		{D8505FDB-AB7C-40EB-836E-E694C6275CAA}.Debug|x86.Build.0 = Debug|Win32
		{D8505FDB-AB7C-40EB-836E-E694C6275CAA}.Release|x64.ActiveCfg = Release|x64
		{D8505FDB-AB7C-40EB-836E-E694C6275CAA}.Release|x64.Build.0 = Release|x64
		{D8505FDB-AB7C-40EB-836E-E694C6275CAA}.Release|x86.ActiveCfg = Release|Win32
		{D8505FDB-AB7C-40EB-836E-E694C6275CAA}.Release|x86.Build.0 = Release|Win32
		{F66C3733-2981-4609-BFBC-85AF59EA2CF3}.Debug|x64.ActiveCfg = Debug|x64
		{F66C3733-2981-4609-BFBC-85AF59EA2CF3}.Debug|x64.Build.0 = Debug|x64
		{F66C3733-2981-4609-BFBC-85AF59EA2CF3}.Debug|x86.ActiveCfg = Debug|Win32
		{F66C3733-2981-4609-BFBC-85AF59EA2CF3}.Debug|x86.Build.0 = Debug|Win32
		{F66C3733-2981-4609-BFBC-85AF59EA2CF3}.Release|x64.ActiveCfg = Release|x64
		{F66C3733-2981-4609-BFBC-85AF59EA2CF3}.Release|x64.Build.0 = Release|x64
		{F66C3733-2981-4609-BFBC-85AF59EA2CF3}.Release|x86.ActiveCfg = Release|Win32
		{F66C3733-2981-4609-BFBC-85AF59EA2CF3}.Release|x86.Build.0 = Release|Win32
		{A25AA42F-A212-43F6-972F-04525691FE9E}.Debug|x64.ActiveCfg = Debug|x64
		{A25AA42F-A212-43F6-972F-04525691FE9E}.Debug|x64.Build.0 = Debug|x64
		{A25AA42F-A212-43F6-972F-04525691FE9E}.Debug|x86.ActiveCfg = Debug|Win32
		{A25AA42F-A212-43F6-972F-04525691FE9E}.Debug|x86.Build.0 = Debug|Win32
		{A25AA42F-A212-43F6-972F-04525691FE9E}.Release|x64.ActiveCfg = Release|x64
		{A25AA42F-A212-43F6-972F-04525691FE9E}.Release|x64.Build.0 = Release|x64
		{A25AA42F-A212-43F6-972F-04525691FE9E}.Release|x86.ActiveCfg = Release|Win32
		{A25AA42F-A212-43F6-972F-04525691FE9E}.Release|x86.Build.0 = Release|Win32
		{0191B3C7-8E58-43DA-8C86-405236149D7F}.Debug|x64.ActiveCfg = Debug|x64
		{0191B3C7-8E58-43DA-8C86-405236149D7F}.Debug|x64.Build.0 = Debug|x64
		{0191B3C7-8E58-43DA-8C86-405236149D7F}.Debug|x86.ActiveCfg = Debug|Win32
		{0191B3C7-8E58-43DA-8C86-405236149D7F}.Debug|x86.Build.0 = Debug|Win32
		{0191B3C7-8E58-43DA-8C86-405236149D7F}.Release|x64.ActiveCfg = Release|x64
		{0191B3C7-8E58-43DA-8C86-405236149D7F}.Release|x64.Build.0 = Release|x64
		{0191B3C7-8E58-43DA-8C86-405236149D7F}.Release|x86.ActiveCfg = Release|Win32
		{0191B3C7-8E58-43DA-8C86-405236149D7F}.Release|x86.Build.0 = Release|Win32
		{51975BC0-2F89-46EB-AD64-AE9518D5965C}.Debug|x64.ActiveCfg = Debug|x64
		{51975BC0-2F89-46EB-AD64-AE9518D5965C}.Debug|x64.Build.0 = Debug|x64
		{51975BC0-2F89-46EB-AD64-AE9518D5965C}.Debug|x86.ActiveCfg = Debug|Win32
		{51975BC0-2F89-46EB-AD64-AE9518D5965C}.Debug|x86.Build.0 = Debug|Win32
		{51975BC0-2F89-46EB-AD64-AE9518D5965C}.Release|x64.ActiveCfg = Release|x64
		{51975BC0-2F89-46EB-AD64-AE9518D5965C}.Release|x64.Build.0 = Release|x64
		{51975BC0-2F89-46EB-AD64-AE9518D5965C}.Release|x86.ActiveCfg = Release|Win32
		{51975BC0-2F89-46EB-AD64-AE9518D5965C}.Release|x86.Build.0 = Release|Win32
		{7D249820-EAFA-43CB-BE0A-D9DB07920883}.Debug|x64.ActiveCfg = Debug|x64
		{7D249820-EAFA-43CB-BE0A-D9DB07920883}.Debug|x64.Build.0 = Debug|x64
		{7D249820-EAFA-43CB-BE0A-D9DB07920883}.Debug|x86.ActiveCfg = Debug|Win32
		{7D249820-EAFA-43CB-BE0A-D9DB07920883}.Debug|x86.Build.0 = Debug|Win32
		{7D249820-EAFA-43CB-BE0A-D9DB07920883}.Release|x64.ActiveCfg = Release|x64
		{7D249820-EAFA-43CB-BE0A-D9DB07920883}.Release|x64.Build.0 = Release|x64
		{7D249820-EAFA-43CB-BE0A-D9DB07920883}.Release|x86.ActiveCfg = Release|Win32
		{7D249820-EAFA-43CB-BE0A-D9DB07920883}.Release|x86.Build.0 = Release|Win32
		{0492A1C2-8C2E-4C9D-B376-E9A76CBDADED}.Debug|x64.ActiveCfg = Debug|x64
		{0492A1C2-8C2E-4C9D-B376-E9A76CBDADED}.Debug|x64.Build.0 = Debug|x64
		{0492A1C2-8C2E-4C9D-B376-E9A76CBDADED}.Debug|x86.ActiveCfg = Debug|Win32
		{0492A1C2-8C2E-4C9D-B376-E9A76CBDADED}.Debug|x86.Build.0 = Debug|Win32
		{0492A1C2-8C2E-4C9D-B376-E9A76CBDADED}.Release|x64.ActiveCfg = Release|x64
		{0492A1C2-8C2E-4C9D-B376-E9A76CBDADED}.Release|x64.Build.0 = Release|x64
		{0492A1C2-8C2E-4C9D-B376-E9A76CBDADED}.Release|x86.ActiveCfg = Release|Win32
		{0492A1C2-8C2E-4C9D-B376-E9A76CBDADED}.Release|x86.Build.0 = Release|Win32
		{DD7ED207-037E-49FA-96EB-6F08021FF4CA}.Debug|x64.ActiveCfg = Debug|x64
		{DD7ED207-037E-49FA-96EB-6F08021FF4CA}.Debug|x64.Build.0 = Debug|x64
		{DD7ED207-037E-49FA-96EB-6F08021FF4CA}.Debug|x86.ActiveCfg = Debug|Win32
		{DD7ED207-037E-49FA-96EB-6F08021FF4CA}.Debug|x86.Build.0 = Debug|Win32
		{DD7ED207-037E-49FA-96EB-6F08021FF4CA}.Release|x64.ActiveCfg = Release|x64
		{DD7ED207-037E-49FA-96EB-6F08021FF4CA}.Release|x64.Build.0 = Release|x64
		{DD7ED207-037E-49FA-96EB-6F08021FF4CA}.Release|x86.ActiveCfg = Release|Win32
		{DD7ED207-037E-49FA-96EB-6F08021FF4CA}.Release|x86.Build.0 = Release|Win32
		{2434CD4C-5DCB-4054-871B-D5A9F73DE607}.Debug|x64.ActiveCfg = Debug|x64
		{2434CD4C-5DCB-4054-871B-D5A9F73DE607}.Debug|x64.Build.0 = Debug|x64
		{2434CD4C-5DCB-4054-871B-D5A9F73DE607}.Debug|x86.ActiveCfg = Debug|Win32
		{2434CD4C-5DCB-4054-871B-D5A9F73DE607}.Debug|x86.Build.0 = Debug|Win32
		{2434CD4C-5DCB-4054-871B-D5A9F73DE607}.Release|x64.ActiveCfg = Release|x64
		{2434CD4C-5DCB-4054-871B-D5A9F73DE607}.Release|x64.Build.0 = Release|x64
		{2434CD4C-5DCB-4054-871B-D5A9F73DE607}.Release|x86.ActiveCfg = Release|Win32
		{2434CD4C-5DCB-4054-871B-D5A9F73DE607}.Release|x86.Build.0 = Release|Win32
	EndGlobalSection
	GlobalSection(SolutionProperties) = preSolution
		HideSolutionNode = FALSE
	EndGlobalSection
EndGlobal
